
Microsoft Visual Studio Solution File, Format Version 12.00
# Visual Studio Express 2013 for Windows Desktop
VisualStudioVersion = 12.0.21005.1
MinimumVisualStudioVersion = 10.0.40219.1
Project("{FAE04EC0-301F-11D3-BF4B-00C04F79EFBC}") = "GarbageCleanerPlugin", "GarbageCleanerPlugin\GarbageCleanerPlugin.csproj", "{4ADE36D0-4BE0-453D-8E37-183905E773C3}"
EndProject
Project("{FAE04EC0-301F-11D3-BF4B-00C04F79EFBC}") = "MaxSpeedLockerPlugin", "MaxSpeedLockerPlugin\MaxSpeedLockerPlugin.csproj", "{06EB2169-3364-4C7C-AB45-F00477FA513F}"
EndProject
Project("{FAE04EC0-301F-11D3-BF4B-00C04F79EFBC}") = "ServerRconPlugin", "ServerRconPlugin\ServerRconPlugin.csproj", "{37524258-DBBE-4418-AA4A-BDEF3F0E3F7B}"
EndProject
Project("{FAE04EC0-301F-11D3-BF4B-00C04F79EFBC}") = "ShipSaverPlugin", "ShipSaverPlugin\ShipSaverPlugin.csproj", "{DF2F90A5-DD7F-48A8-8E3B-2C3ECEDB850B}"
EndProject
Project("{FAE04EC0-301F-11D3-BF4B-00C04F79EFBC}") = "WebInterfacePlugin", "WebInterfacePlugin\WebInterfacePlugin.csproj", "{3EF99826-7FA0-4326-9050-375A781620D1}"
EndProject
Project("{FAE04EC0-301F-11D3-BF4B-00C04F79EFBC}") = "MotdPlugin", "MotdPlugin\MotdPlugin.csproj", "{B1E7052F-5563-4480-8835-772408F48409}"
EndProject
Project("{FAE04EC0-301F-11D3-BF4B-00C04F79EFBC}") = "SqlPlugin", "SqlPlugin\SqlPlugin.csproj", "{1C4E0419-1EAE-4441-91F5-DA211AFE8423}"
EndProject
Global
	GlobalSection(SolutionConfigurationPlatforms) = preSolution
		Debug|Any CPU = Debug|Any CPU
		Release|Any CPU = Release|Any CPU
	EndGlobalSection
	GlobalSection(ProjectConfigurationPlatforms) = postSolution
		{4ADE36D0-4BE0-453D-8E37-183905E773C3}.Debug|Any CPU.ActiveCfg = Debug|Any CPU
		{4ADE36D0-4BE0-453D-8E37-183905E773C3}.Debug|Any CPU.Build.0 = Debug|Any CPU
		{4ADE36D0-4BE0-453D-8E37-183905E773C3}.Release|Any CPU.ActiveCfg = Release|Any CPU
		{4ADE36D0-4BE0-453D-8E37-183905E773C3}.Release|Any CPU.Build.0 = Release|Any CPU
		{06EB2169-3364-4C7C-AB45-F00477FA513F}.Debug|Any CPU.ActiveCfg = Debug|Any CPU
		{06EB2169-3364-4C7C-AB45-F00477FA513F}.Debug|Any CPU.Build.0 = Debug|Any CPU
		{06EB2169-3364-4C7C-AB45-F00477FA513F}.Release|Any CPU.ActiveCfg = Release|Any CPU
		{06EB2169-3364-4C7C-AB45-F00477FA513F}.Release|Any CPU.Build.0 = Release|Any CPU
		{37524258-DBBE-4418-AA4A-BDEF3F0E3F7B}.Debug|Any CPU.ActiveCfg = Debug|Any CPU
		{37524258-DBBE-4418-AA4A-BDEF3F0E3F7B}.Debug|Any CPU.Build.0 = Debug|Any CPU
		{37524258-DBBE-4418-AA4A-BDEF3F0E3F7B}.Release|Any CPU.ActiveCfg = Release|Any CPU
		{37524258-DBBE-4418-AA4A-BDEF3F0E3F7B}.Release|Any CPU.Build.0 = Release|Any CPU
		{DF2F90A5-DD7F-48A8-8E3B-2C3ECEDB850B}.Debug|Any CPU.ActiveCfg = Debug|Any CPU
		{DF2F90A5-DD7F-48A8-8E3B-2C3ECEDB850B}.Debug|Any CPU.Build.0 = Debug|Any CPU
		{DF2F90A5-DD7F-48A8-8E3B-2C3ECEDB850B}.Release|Any CPU.ActiveCfg = Release|Any CPU
		{DF2F90A5-DD7F-48A8-8E3B-2C3ECEDB850B}.Release|Any CPU.Build.0 = Release|Any CPU
		{3EF99826-7FA0-4326-9050-375A781620D1}.Debug|Any CPU.ActiveCfg = Debug|Any CPU
		{3EF99826-7FA0-4326-9050-375A781620D1}.Debug|Any CPU.Build.0 = Debug|Any CPU
		{3EF99826-7FA0-4326-9050-375A781620D1}.Release|Any CPU.ActiveCfg = Release|Any CPU
		{3EF99826-7FA0-4326-9050-375A781620D1}.Release|Any CPU.Build.0 = Release|Any CPU
		{B1E7052F-5563-4480-8835-772408F48409}.Debug|Any CPU.ActiveCfg = Debug|Any CPU
		{B1E7052F-5563-4480-8835-772408F48409}.Debug|Any CPU.Build.0 = Debug|Any CPU
		{B1E7052F-5563-4480-8835-772408F48409}.Release|Any CPU.ActiveCfg = Release|Any CPU
		{B1E7052F-5563-4480-8835-772408F48409}.Release|Any CPU.Build.0 = Release|Any CPU
		{1C4E0419-1EAE-4441-91F5-DA211AFE8423}.Debug|Any CPU.ActiveCfg = Debug|Any CPU
		{1C4E0419-1EAE-4441-91F5-DA211AFE8423}.Debug|Any CPU.Build.0 = Debug|Any CPU
		{1C4E0419-1EAE-4441-91F5-DA211AFE8423}.Release|Any CPU.ActiveCfg = Release|Any CPU
		{1C4E0419-1EAE-4441-91F5-DA211AFE8423}.Release|Any CPU.Build.0 = Release|Any CPU
	EndGlobalSection
	GlobalSection(SolutionProperties) = preSolution
		HideSolutionNode = FALSE
	EndGlobalSection
EndGlobal
